
Microsoft Visual Studio Solution File, Format Version 12.00
# Visual Studio Version 16
VisualStudioVersion = 16.0.31019.35
MinimumVisualStudioVersion = 10.0.40219.1
Project("{FAE04EC0-301F-11D3-BF4B-00C04F79EFBC}") = "BaiSanPham2", "BaiSanPham2.csproj", "{0CB01779-2F79-425C-BBD9-8576718E7C15}"
EndProject
Global
	GlobalSection(SolutionConfigurationPlatforms) = preSolution
		Debug|Any CPU = Debug|Any CPU
		Release|Any CPU = Release|Any CPU
	EndGlobalSection
	GlobalSection(ProjectConfigurationPlatforms) = postSolution
		{0CB01779-2F79-425C-BBD9-8576718E7C15}.Debug|Any CPU.ActiveCfg = Debug|Any CPU
		{0CB01779-2F79-425C-BBD9-8576718E7C15}.Debug|Any CPU.Build.0 = Debug|Any CPU
		{0CB01779-2F79-425C-BBD9-8576718E7C15}.Release|Any CPU.ActiveCfg = Release|Any CPU
		{0CB01779-2F79-425C-BBD9-8576718E7C15}.Release|Any CPU.Build.0 = Release|Any CPU
	EndGlobalSection
	GlobalSection(SolutionProperties) = preSolution
		HideSolutionNode = FALSE
	EndGlobalSection
	GlobalSection(ExtensibilityGlobals) = postSolution
		SolutionGuid = {2491199A-484E-4FCD-B790-FD275E914AB4}
	EndGlobalSection
EndGlobal
