
Microsoft Visual Studio Solution File, Format Version 12.00
# Visual Studio Version 16
VisualStudioVersion = 16.0.31019.35
MinimumVisualStudioVersion = 10.0.40219.1
Project("{FAE04EC0-301F-11D3-BF4B-00C04F79EFBC}") = "bai_2", "bai_2.csproj", "{97D2357F-21B2-498D-AEF5-B8ED51C4C7EF}"
EndProject
Global
	GlobalSection(SolutionConfigurationPlatforms) = preSolution
		Debug|Any CPU = Debug|Any CPU
		Release|Any CPU = Release|Any CPU
	EndGlobalSection
	GlobalSection(ProjectConfigurationPlatforms) = postSolution
		{97D2357F-21B2-498D-AEF5-B8ED51C4C7EF}.Debug|Any CPU.ActiveCfg = Debug|Any CPU
		{97D2357F-21B2-498D-AEF5-B8ED51C4C7EF}.Debug|Any CPU.Build.0 = Debug|Any CPU
		{97D2357F-21B2-498D-AEF5-B8ED51C4C7EF}.Release|Any CPU.ActiveCfg = Release|Any CPU
		{97D2357F-21B2-498D-AEF5-B8ED51C4C7EF}.Release|Any CPU.Build.0 = Release|Any CPU
	EndGlobalSection
	GlobalSection(SolutionProperties) = preSolution
		HideSolutionNode = FALSE
	EndGlobalSection
	GlobalSection(ExtensibilityGlobals) = postSolution
		SolutionGuid = {17ADEA84-5EB3-4F31-A61C-35D252146AB5}
	EndGlobalSection
EndGlobal
