
Microsoft Visual Studio Solution File, Format Version 12.00
# Visual Studio Version 16
VisualStudioVersion = 16.0.31019.35
MinimumVisualStudioVersion = 10.0.40219.1
Project("{FAE04EC0-301F-11D3-BF4B-00C04F79EFBC}") = "bai_1", "bai_1.csproj", "{36FC7303-CFBA-41CE-A8AD-3D6D11C1DC04}"
EndProject
Global
	GlobalSection(SolutionConfigurationPlatforms) = preSolution
		Debug|Any CPU = Debug|Any CPU
		Release|Any CPU = Release|Any CPU
	EndGlobalSection
	GlobalSection(ProjectConfigurationPlatforms) = postSolution
		{36FC7303-CFBA-41CE-A8AD-3D6D11C1DC04}.Debug|Any CPU.ActiveCfg = Debug|Any CPU
		{36FC7303-CFBA-41CE-A8AD-3D6D11C1DC04}.Debug|Any CPU.Build.0 = Debug|Any CPU
		{36FC7303-CFBA-41CE-A8AD-3D6D11C1DC04}.Release|Any CPU.ActiveCfg = Release|Any CPU
		{36FC7303-CFBA-41CE-A8AD-3D6D11C1DC04}.Release|Any CPU.Build.0 = Release|Any CPU
	EndGlobalSection
	GlobalSection(SolutionProperties) = preSolution
		HideSolutionNode = FALSE
	EndGlobalSection
	GlobalSection(ExtensibilityGlobals) = postSolution
		SolutionGuid = {3C2A033D-E73B-4D21-A9D4-6702B8173BF8}
	EndGlobalSection
EndGlobal
